{
  "version": 4,
  "terraform_version": "1.4.4",
  "serial": 21,
  "lineage": "b71d6cd0-2e3a-0982-faa0-abba1bb87eff",
  "outputs": {},
  "resources": [
    {
      "module": "module.github_creation",
      "mode": "managed",
      "type": "github_actions_secret",
      "name": "secrets",
      "provider": "module.github_creation.provider[\"registry.terraform.io/integrations/github\"]",
      "instances": [
        {
          "schema_version": 0,
          "attributes": {
            "created_at": "2023-04-20 02:28:44 +0000 UTC",
            "encrypted_value": "",
            "id": "demo-repo-1:key1",
            "plaintext_value": "value1",
            "repository": "demo-repo-1",
            "secret_name": "key1",
            "updated_at": "2023-04-20 02:28:44 +0000 UTC"
          },
          "sensitive_attributes": [],
          "private": "bnVsbA==",
          "dependencies": [
            "module.github_creation.github_repository.github"
          ]
        }
      ]
    },
    {
      "module": "module.github_creation",
      "mode": "managed",
      "type": "github_repository",
      "name": "github",
      "provider": "module.github_creation.provider[\"registry.terraform.io/integrations/github\"]",
      "instances": [
        {
          "schema_version": 1,
          "attributes": {
            "allow_auto_merge": false,
            "allow_merge_commit": true,
            "allow_rebase_merge": true,
            "allow_squash_merge": true,
            "allow_update_branch": false,
            "archive_on_destroy": null,
            "archived": false,
            "auto_init": null,
            "default_branch": "main",
            "delete_branch_on_merge": false,
            "description": "codebase",
            "etag": "W/\"fe05ab63d97348c3180528c80e01b085ba3e639ba1cfd3fcdd0b132e8b69b031\"",
            "full_name": "dotnet-chat-project/demo-repo-1",
            "git_clone_url": "git://github.com/dotnet-chat-project/demo-repo-1.git",
            "gitignore_template": null,
            "has_discussions": false,
            "has_downloads": false,
            "has_issues": false,
            "has_projects": false,
            "has_wiki": false,
            "homepage_url": "",
            "html_url": "https://github.com/dotnet-chat-project/demo-repo-1",
            "http_clone_url": "https://github.com/dotnet-chat-project/demo-repo-1.git",
            "id": "demo-repo-1",
            "ignore_vulnerability_alerts_during_read": null,
            "is_template": false,
            "license_template": null,
            "merge_commit_message": "PR_TITLE",
            "merge_commit_title": "MERGE_MESSAGE",
            "name": "demo-repo-1",
            "node_id": "R_kgDOJZELJg",
            "pages": [],
            "private": true,
            "repo_id": 630262566,
            "security_and_analysis": [],
            "squash_merge_commit_message": "COMMIT_MESSAGES",
            "squash_merge_commit_title": "COMMIT_OR_PR_TITLE",
            "ssh_clone_url": "git@github.com:dotnet-chat-project/demo-repo-1.git",
            "svn_url": "https://github.com/dotnet-chat-project/demo-repo-1",
            "template": [
              {
                "include_all_branches": false,
                "owner": "dotnet-chat-project",
                "repository": "template-repo"
              }
            ],
            "topics": null,
            "visibility": "private",
            "vulnerability_alerts": false
          },
          "sensitive_attributes": [],
          "private": "eyJzY2hlbWFfdmVyc2lvbiI6IjEifQ=="
        }
      ]
    }
  ],
  "check_results": null
}
